<?xml version="1.0" encoding="UTF-8"?>
<Project ToolsVersion="12.0" xmlns="http://schemas.microsoft.com/developer/msbuild/2003">
  <ItemGroup>
    <CustomBuild Include="C:\Users\dkvandyke\Source\Repos\25_CERES\VS2013__25_CERES_Solver_CUDA_x64\build_cuda_SS\CMakeFiles\baa7a45901ff2e30a65cadb7d6dc5e3d\RUN_TESTS_force.rule">
      <Filter>CMake Rules</Filter>
    </CustomBuild>
  </ItemGroup>
  <ItemGroup>
    <Filter Include="CMake Rules">
      <UniqueIdentifier>{AC367374-8458-4E8D-BFA8-A55433959A88}</UniqueIdentifier>
    </Filter>
  </ItemGroup>
</Project>
