Microsoft Visual Studio Solution File, Format Version 12.00
# Visual Studio 2013
Project("{8BC9CEB8-8B4A-11D0-8D11-00A0C91BC942}") = "ALL_BUILD", "ALL_BUILD.vcxproj", "{0B847F85-D647-48DB-B4A4-E5B4934DDF93}"
	ProjectSection(ProjectDependencies) = postProject
		{63124882-EBC4-468C-9E1B-A6CBA430B042} = {63124882-EBC4-468C-9E1B-A6CBA430B042}
		{241D30B1-0CCD-46D5-B3F1-45D16C00E012} = {241D30B1-0CCD-46D5-B3F1-45D16C00E012}
		{79592180-D784-47CD-843C-98670D6E46F1} = {79592180-D784-47CD-843C-98670D6E46F1}
		{6CB070FD-8D10-4949-BAA6-71C73FE458A8} = {6CB070FD-8D10-4949-BAA6-71C73FE458A8}
		{22499C24-D908-4E71-9693-B5915AFD799F} = {22499C24-D908-4E71-9693-B5915AFD799F}
		{C94FF74C-E605-422F-A856-831851D1CF4D} = {C94FF74C-E605-422F-A856-831851D1CF4D}
		{54299721-2C27-479F-A9A1-5A9899B6716F} = {54299721-2C27-479F-A9A1-5A9899B6716F}
		{D5DD7C21-0F74-4097-B4FF-3B750D93BF8C} = {D5DD7C21-0F74-4097-B4FF-3B750D93BF8C}
		{23034005-FEA9-497F-803A-9018618C5C9E} = {23034005-FEA9-497F-803A-9018618C5C9E}
		{B89018DD-86C9-4598-A68C-EFEDA302A7E4} = {B89018DD-86C9-4598-A68C-EFEDA302A7E4}
		{699DA96E-449B-4959-9246-A83E261FE57D} = {699DA96E-449B-4959-9246-A83E261FE57D}
		{9CFC88B8-EC2D-4081-913A-A0E3E6E1E5D3} = {9CFC88B8-EC2D-4081-913A-A0E3E6E1E5D3}
		{06BC9852-72BC-44E9-A237-08B0D394A506} = {06BC9852-72BC-44E9-A237-08B0D394A506}
		{A9A61EB5-7403-490D-B7E5-A78180543A38} = {A9A61EB5-7403-490D-B7E5-A78180543A38}
		{49DF8573-E05B-44E6-BA56-CC362453D52D} = {49DF8573-E05B-44E6-BA56-CC362453D52D}
		{6AD3C482-7006-4DB4-B250-D7BF768F872C} = {6AD3C482-7006-4DB4-B250-D7BF768F872C}
		{715E6277-3FB9-4044-9ADD-16D58086EC0D} = {715E6277-3FB9-4044-9ADD-16D58086EC0D}
		{99471502-7786-4BAF-82E0-70A7194CB038} = {99471502-7786-4BAF-82E0-70A7194CB038}
		{73693318-5516-46BF-A622-7D948AF02867} = {73693318-5516-46BF-A622-7D948AF02867}
		{431C920D-CC65-46C9-97A1-781C52E19826} = {431C920D-CC65-46C9-97A1-781C52E19826}
		{553D4DD4-360E-4029-B643-73D50AF0E261} = {553D4DD4-360E-4029-B643-73D50AF0E261}
		{5FB5434B-C0FD-445A-87D7-E7A6B76DBDDB} = {5FB5434B-C0FD-445A-87D7-E7A6B76DBDDB}
	EndProjectSection
EndProject
Project("{8BC9CEB8-8B4A-11D0-8D11-00A0C91BC942}") = "INSTALL", "INSTALL.vcxproj", "{AD25AC29-4B6A-4CEF-8389-CD9E995B3748}"
	ProjectSection(ProjectDependencies) = postProject
		{0B847F85-D647-48DB-B4A4-E5B4934DDF93} = {0B847F85-D647-48DB-B4A4-E5B4934DDF93}
	EndProjectSection
EndProject
Project("{8BC9CEB8-8B4A-11D0-8D11-00A0C91BC942}") = "RUN_TESTS", "RUN_TESTS.vcxproj", "{CF931C39-D6AC-476A-8AF0-FBC96EB14292}"
	ProjectSection(ProjectDependencies) = postProject
	EndProjectSection
EndProject
Project("{8BC9CEB8-8B4A-11D0-8D11-00A0C91BC942}") = "ZERO_CHECK", "ZERO_CHECK.vcxproj", "{63124882-EBC4-468C-9E1B-A6CBA430B042}"
	ProjectSection(ProjectDependencies) = postProject
	EndProjectSection
EndProject
Project("{8BC9CEB8-8B4A-11D0-8D11-00A0C91BC942}") = "bundle_adjuster", "examples\bundle_adjuster.vcxproj", "{241D30B1-0CCD-46D5-B3F1-45D16C00E012}"
	ProjectSection(ProjectDependencies) = postProject
		{63124882-EBC4-468C-9E1B-A6CBA430B042} = {63124882-EBC4-468C-9E1B-A6CBA430B042}
		{79592180-D784-47CD-843C-98670D6E46F1} = {79592180-D784-47CD-843C-98670D6E46F1}
	EndProjectSection
EndProject
Project("{8BC9CEB8-8B4A-11D0-8D11-00A0C91BC942}") = "ceres", "internal\ceres\ceres.vcxproj", "{79592180-D784-47CD-843C-98670D6E46F1}"
	ProjectSection(ProjectDependencies) = postProject
		{63124882-EBC4-468C-9E1B-A6CBA430B042} = {63124882-EBC4-468C-9E1B-A6CBA430B042}
	EndProjectSection
EndProject
Project("{8BC9CEB8-8B4A-11D0-8D11-00A0C91BC942}") = "ceres_docs", "docs\source\ceres_docs.vcxproj", "{6CB070FD-8D10-4949-BAA6-71C73FE458A8}"
	ProjectSection(ProjectDependencies) = postProject
		{63124882-EBC4-468C-9E1B-A6CBA430B042} = {63124882-EBC4-468C-9E1B-A6CBA430B042}
	EndProjectSection
EndProject
Project("{8BC9CEB8-8B4A-11D0-8D11-00A0C91BC942}") = "circle_fit", "examples\circle_fit.vcxproj", "{22499C24-D908-4E71-9693-B5915AFD799F}"
	ProjectSection(ProjectDependencies) = postProject
		{63124882-EBC4-468C-9E1B-A6CBA430B042} = {63124882-EBC4-468C-9E1B-A6CBA430B042}
		{79592180-D784-47CD-843C-98670D6E46F1} = {79592180-D784-47CD-843C-98670D6E46F1}
	EndProjectSection
EndProject
Project("{8BC9CEB8-8B4A-11D0-8D11-00A0C91BC942}") = "curve_fitting", "examples\curve_fitting.vcxproj", "{C94FF74C-E605-422F-A856-831851D1CF4D}"
	ProjectSection(ProjectDependencies) = postProject
		{63124882-EBC4-468C-9E1B-A6CBA430B042} = {63124882-EBC4-468C-9E1B-A6CBA430B042}
		{79592180-D784-47CD-843C-98670D6E46F1} = {79592180-D784-47CD-843C-98670D6E46F1}
	EndProjectSection
EndProject
Project("{8BC9CEB8-8B4A-11D0-8D11-00A0C91BC942}") = "curve_fitting_c", "examples\curve_fitting_c.vcxproj", "{54299721-2C27-479F-A9A1-5A9899B6716F}"
	ProjectSection(ProjectDependencies) = postProject
		{63124882-EBC4-468C-9E1B-A6CBA430B042} = {63124882-EBC4-468C-9E1B-A6CBA430B042}
		{79592180-D784-47CD-843C-98670D6E46F1} = {79592180-D784-47CD-843C-98670D6E46F1}
	EndProjectSection
EndProject
Project("{8BC9CEB8-8B4A-11D0-8D11-00A0C91BC942}") = "denoising", "examples\denoising.vcxproj", "{D5DD7C21-0F74-4097-B4FF-3B750D93BF8C}"
	ProjectSection(ProjectDependencies) = postProject
		{63124882-EBC4-468C-9E1B-A6CBA430B042} = {63124882-EBC4-468C-9E1B-A6CBA430B042}
		{79592180-D784-47CD-843C-98670D6E46F1} = {79592180-D784-47CD-843C-98670D6E46F1}
	EndProjectSection
EndProject
Project("{8BC9CEB8-8B4A-11D0-8D11-00A0C91BC942}") = "ellipse_approximation", "examples\ellipse_approximation.vcxproj", "{23034005-FEA9-497F-803A-9018618C5C9E}"
	ProjectSection(ProjectDependencies) = postProject
		{63124882-EBC4-468C-9E1B-A6CBA430B042} = {63124882-EBC4-468C-9E1B-A6CBA430B042}
		{79592180-D784-47CD-843C-98670D6E46F1} = {79592180-D784-47CD-843C-98670D6E46F1}
	EndProjectSection
EndProject
Project("{8BC9CEB8-8B4A-11D0-8D11-00A0C91BC942}") = "helloworld", "examples\helloworld.vcxproj", "{B89018DD-86C9-4598-A68C-EFEDA302A7E4}"
	ProjectSection(ProjectDependencies) = postProject
		{63124882-EBC4-468C-9E1B-A6CBA430B042} = {63124882-EBC4-468C-9E1B-A6CBA430B042}
		{79592180-D784-47CD-843C-98670D6E46F1} = {79592180-D784-47CD-843C-98670D6E46F1}
	EndProjectSection
EndProject
Project("{8BC9CEB8-8B4A-11D0-8D11-00A0C91BC942}") = "helloworld_analytic_diff", "examples\helloworld_analytic_diff.vcxproj", "{699DA96E-449B-4959-9246-A83E261FE57D}"
	ProjectSection(ProjectDependencies) = postProject
		{63124882-EBC4-468C-9E1B-A6CBA430B042} = {63124882-EBC4-468C-9E1B-A6CBA430B042}
		{79592180-D784-47CD-843C-98670D6E46F1} = {79592180-D784-47CD-843C-98670D6E46F1}
	EndProjectSection
EndProject
Project("{8BC9CEB8-8B4A-11D0-8D11-00A0C91BC942}") = "helloworld_numeric_diff", "examples\helloworld_numeric_diff.vcxproj", "{9CFC88B8-EC2D-4081-913A-A0E3E6E1E5D3}"
	ProjectSection(ProjectDependencies) = postProject
		{63124882-EBC4-468C-9E1B-A6CBA430B042} = {63124882-EBC4-468C-9E1B-A6CBA430B042}
		{79592180-D784-47CD-843C-98670D6E46F1} = {79592180-D784-47CD-843C-98670D6E46F1}
	EndProjectSection
EndProject
Project("{8BC9CEB8-8B4A-11D0-8D11-00A0C91BC942}") = "libmv_bundle_adjuster", "examples\libmv_bundle_adjuster.vcxproj", "{06BC9852-72BC-44E9-A237-08B0D394A506}"
	ProjectSection(ProjectDependencies) = postProject
		{63124882-EBC4-468C-9E1B-A6CBA430B042} = {63124882-EBC4-468C-9E1B-A6CBA430B042}
		{79592180-D784-47CD-843C-98670D6E46F1} = {79592180-D784-47CD-843C-98670D6E46F1}
	EndProjectSection
EndProject
Project("{8BC9CEB8-8B4A-11D0-8D11-00A0C91BC942}") = "libmv_homography", "examples\libmv_homography.vcxproj", "{A9A61EB5-7403-490D-B7E5-A78180543A38}"
	ProjectSection(ProjectDependencies) = postProject
		{63124882-EBC4-468C-9E1B-A6CBA430B042} = {63124882-EBC4-468C-9E1B-A6CBA430B042}
		{79592180-D784-47CD-843C-98670D6E46F1} = {79592180-D784-47CD-843C-98670D6E46F1}
	EndProjectSection
EndProject
Project("{8BC9CEB8-8B4A-11D0-8D11-00A0C91BC942}") = "more_garbow_hillstrom", "examples\more_garbow_hillstrom.vcxproj", "{49DF8573-E05B-44E6-BA56-CC362453D52D}"
	ProjectSection(ProjectDependencies) = postProject
		{63124882-EBC4-468C-9E1B-A6CBA430B042} = {63124882-EBC4-468C-9E1B-A6CBA430B042}
		{79592180-D784-47CD-843C-98670D6E46F1} = {79592180-D784-47CD-843C-98670D6E46F1}
	EndProjectSection
EndProject
Project("{8BC9CEB8-8B4A-11D0-8D11-00A0C91BC942}") = "nist", "examples\nist.vcxproj", "{6AD3C482-7006-4DB4-B250-D7BF768F872C}"
	ProjectSection(ProjectDependencies) = postProject
		{63124882-EBC4-468C-9E1B-A6CBA430B042} = {63124882-EBC4-468C-9E1B-A6CBA430B042}
		{79592180-D784-47CD-843C-98670D6E46F1} = {79592180-D784-47CD-843C-98670D6E46F1}
	EndProjectSection
EndProject
Project("{8BC9CEB8-8B4A-11D0-8D11-00A0C91BC942}") = "powell", "examples\powell.vcxproj", "{715E6277-3FB9-4044-9ADD-16D58086EC0D}"
	ProjectSection(ProjectDependencies) = postProject
		{63124882-EBC4-468C-9E1B-A6CBA430B042} = {63124882-EBC4-468C-9E1B-A6CBA430B042}
		{79592180-D784-47CD-843C-98670D6E46F1} = {79592180-D784-47CD-843C-98670D6E46F1}
	EndProjectSection
EndProject
Project("{8BC9CEB8-8B4A-11D0-8D11-00A0C91BC942}") = "robot_pose_mle", "examples\robot_pose_mle.vcxproj", "{99471502-7786-4BAF-82E0-70A7194CB038}"
	ProjectSection(ProjectDependencies) = postProject
		{63124882-EBC4-468C-9E1B-A6CBA430B042} = {63124882-EBC4-468C-9E1B-A6CBA430B042}
		{79592180-D784-47CD-843C-98670D6E46F1} = {79592180-D784-47CD-843C-98670D6E46F1}
	EndProjectSection
EndProject
Project("{8BC9CEB8-8B4A-11D0-8D11-00A0C91BC942}") = "robust_curve_fitting", "examples\robust_curve_fitting.vcxproj", "{73693318-5516-46BF-A622-7D948AF02867}"
	ProjectSection(ProjectDependencies) = postProject
		{63124882-EBC4-468C-9E1B-A6CBA430B042} = {63124882-EBC4-468C-9E1B-A6CBA430B042}
		{79592180-D784-47CD-843C-98670D6E46F1} = {79592180-D784-47CD-843C-98670D6E46F1}
	EndProjectSection
EndProject
Project("{8BC9CEB8-8B4A-11D0-8D11-00A0C91BC942}") = "rosenbrock", "examples\rosenbrock.vcxproj", "{431C920D-CC65-46C9-97A1-781C52E19826}"
	ProjectSection(ProjectDependencies) = postProject
		{63124882-EBC4-468C-9E1B-A6CBA430B042} = {63124882-EBC4-468C-9E1B-A6CBA430B042}
		{79592180-D784-47CD-843C-98670D6E46F1} = {79592180-D784-47CD-843C-98670D6E46F1}
	EndProjectSection
EndProject
Project("{8BC9CEB8-8B4A-11D0-8D11-00A0C91BC942}") = "sampled_function", "examples\sampled_function.vcxproj", "{553D4DD4-360E-4029-B643-73D50AF0E261}"
	ProjectSection(ProjectDependencies) = postProject
		{63124882-EBC4-468C-9E1B-A6CBA430B042} = {63124882-EBC4-468C-9E1B-A6CBA430B042}
		{79592180-D784-47CD-843C-98670D6E46F1} = {79592180-D784-47CD-843C-98670D6E46F1}
	EndProjectSection
EndProject
Project("{8BC9CEB8-8B4A-11D0-8D11-00A0C91BC942}") = "simple_bundle_adjuster", "examples\simple_bundle_adjuster.vcxproj", "{5FB5434B-C0FD-445A-87D7-E7A6B76DBDDB}"
	ProjectSection(ProjectDependencies) = postProject
		{63124882-EBC4-468C-9E1B-A6CBA430B042} = {63124882-EBC4-468C-9E1B-A6CBA430B042}
		{79592180-D784-47CD-843C-98670D6E46F1} = {79592180-D784-47CD-843C-98670D6E46F1}
	EndProjectSection
EndProject
Project("{8BC9CEB8-8B4A-11D0-8D11-00A0C91BC942}") = "uninstall", "uninstall.vcxproj", "{54349A30-8C1B-4480-8011-40F59C7BF427}"
	ProjectSection(ProjectDependencies) = postProject
		{63124882-EBC4-468C-9E1B-A6CBA430B042} = {63124882-EBC4-468C-9E1B-A6CBA430B042}
	EndProjectSection
EndProject
Global
	GlobalSection(SolutionConfigurationPlatforms) = preSolution
		Debug|x64 = Debug|x64
		Release|x64 = Release|x64
		MinSizeRel|x64 = MinSizeRel|x64
		RelWithDebInfo|x64 = RelWithDebInfo|x64
	EndGlobalSection
	GlobalSection(ProjectConfigurationPlatforms) = postSolution
		{0B847F85-D647-48DB-B4A4-E5B4934DDF93}.Debug|x64.ActiveCfg = Debug|x64
		{0B847F85-D647-48DB-B4A4-E5B4934DDF93}.Debug|x64.Build.0 = Debug|x64
		{0B847F85-D647-48DB-B4A4-E5B4934DDF93}.Release|x64.ActiveCfg = Release|x64
		{0B847F85-D647-48DB-B4A4-E5B4934DDF93}.Release|x64.Build.0 = Release|x64
		{0B847F85-D647-48DB-B4A4-E5B4934DDF93}.MinSizeRel|x64.ActiveCfg = MinSizeRel|x64
		{0B847F85-D647-48DB-B4A4-E5B4934DDF93}.MinSizeRel|x64.Build.0 = MinSizeRel|x64
		{0B847F85-D647-48DB-B4A4-E5B4934DDF93}.RelWithDebInfo|x64.ActiveCfg = RelWithDebInfo|x64
		{0B847F85-D647-48DB-B4A4-E5B4934DDF93}.RelWithDebInfo|x64.Build.0 = RelWithDebInfo|x64
		{AD25AC29-4B6A-4CEF-8389-CD9E995B3748}.Debug|x64.ActiveCfg = Debug|x64
		{AD25AC29-4B6A-4CEF-8389-CD9E995B3748}.Release|x64.ActiveCfg = Release|x64
		{AD25AC29-4B6A-4CEF-8389-CD9E995B3748}.MinSizeRel|x64.ActiveCfg = MinSizeRel|x64
		{AD25AC29-4B6A-4CEF-8389-CD9E995B3748}.RelWithDebInfo|x64.ActiveCfg = RelWithDebInfo|x64
		{CF931C39-D6AC-476A-8AF0-FBC96EB14292}.Debug|x64.ActiveCfg = Debug|x64
		{CF931C39-D6AC-476A-8AF0-FBC96EB14292}.Release|x64.ActiveCfg = Release|x64
		{CF931C39-D6AC-476A-8AF0-FBC96EB14292}.MinSizeRel|x64.ActiveCfg = MinSizeRel|x64
		{CF931C39-D6AC-476A-8AF0-FBC96EB14292}.RelWithDebInfo|x64.ActiveCfg = RelWithDebInfo|x64
		{63124882-EBC4-468C-9E1B-A6CBA430B042}.Debug|x64.ActiveCfg = Debug|x64
		{63124882-EBC4-468C-9E1B-A6CBA430B042}.Debug|x64.Build.0 = Debug|x64
		{63124882-EBC4-468C-9E1B-A6CBA430B042}.Release|x64.ActiveCfg = Release|x64
		{63124882-EBC4-468C-9E1B-A6CBA430B042}.Release|x64.Build.0 = Release|x64
		{63124882-EBC4-468C-9E1B-A6CBA430B042}.MinSizeRel|x64.ActiveCfg = MinSizeRel|x64
		{63124882-EBC4-468C-9E1B-A6CBA430B042}.MinSizeRel|x64.Build.0 = MinSizeRel|x64
		{63124882-EBC4-468C-9E1B-A6CBA430B042}.RelWithDebInfo|x64.ActiveCfg = RelWithDebInfo|x64
		{63124882-EBC4-468C-9E1B-A6CBA430B042}.RelWithDebInfo|x64.Build.0 = RelWithDebInfo|x64
		{241D30B1-0CCD-46D5-B3F1-45D16C00E012}.Debug|x64.ActiveCfg = Debug|x64
		{241D30B1-0CCD-46D5-B3F1-45D16C00E012}.Debug|x64.Build.0 = Debug|x64
		{241D30B1-0CCD-46D5-B3F1-45D16C00E012}.Release|x64.ActiveCfg = Release|x64
		{241D30B1-0CCD-46D5-B3F1-45D16C00E012}.Release|x64.Build.0 = Release|x64
		{241D30B1-0CCD-46D5-B3F1-45D16C00E012}.MinSizeRel|x64.ActiveCfg = MinSizeRel|x64
		{241D30B1-0CCD-46D5-B3F1-45D16C00E012}.MinSizeRel|x64.Build.0 = MinSizeRel|x64
		{241D30B1-0CCD-46D5-B3F1-45D16C00E012}.RelWithDebInfo|x64.ActiveCfg = RelWithDebInfo|x64
		{241D30B1-0CCD-46D5-B3F1-45D16C00E012}.RelWithDebInfo|x64.Build.0 = RelWithDebInfo|x64
		{79592180-D784-47CD-843C-98670D6E46F1}.Debug|x64.ActiveCfg = Debug|x64
		{79592180-D784-47CD-843C-98670D6E46F1}.Debug|x64.Build.0 = Debug|x64
		{79592180-D784-47CD-843C-98670D6E46F1}.Release|x64.ActiveCfg = Release|x64
		{79592180-D784-47CD-843C-98670D6E46F1}.Release|x64.Build.0 = Release|x64
		{79592180-D784-47CD-843C-98670D6E46F1}.MinSizeRel|x64.ActiveCfg = MinSizeRel|x64
		{79592180-D784-47CD-843C-98670D6E46F1}.MinSizeRel|x64.Build.0 = MinSizeRel|x64
		{79592180-D784-47CD-843C-98670D6E46F1}.RelWithDebInfo|x64.ActiveCfg = RelWithDebInfo|x64
		{79592180-D784-47CD-843C-98670D6E46F1}.RelWithDebInfo|x64.Build.0 = RelWithDebInfo|x64
		{6CB070FD-8D10-4949-BAA6-71C73FE458A8}.Debug|x64.ActiveCfg = Debug|x64
		{6CB070FD-8D10-4949-BAA6-71C73FE458A8}.Debug|x64.Build.0 = Debug|x64
		{6CB070FD-8D10-4949-BAA6-71C73FE458A8}.Release|x64.ActiveCfg = Release|x64
		{6CB070FD-8D10-4949-BAA6-71C73FE458A8}.Release|x64.Build.0 = Release|x64
		{6CB070FD-8D10-4949-BAA6-71C73FE458A8}.MinSizeRel|x64.ActiveCfg = MinSizeRel|x64
		{6CB070FD-8D10-4949-BAA6-71C73FE458A8}.MinSizeRel|x64.Build.0 = MinSizeRel|x64
		{6CB070FD-8D10-4949-BAA6-71C73FE458A8}.RelWithDebInfo|x64.ActiveCfg = RelWithDebInfo|x64
		{6CB070FD-8D10-4949-BAA6-71C73FE458A8}.RelWithDebInfo|x64.Build.0 = RelWithDebInfo|x64
		{22499C24-D908-4E71-9693-B5915AFD799F}.Debug|x64.ActiveCfg = Debug|x64
		{22499C24-D908-4E71-9693-B5915AFD799F}.Debug|x64.Build.0 = Debug|x64
		{22499C24-D908-4E71-9693-B5915AFD799F}.Release|x64.ActiveCfg = Release|x64
		{22499C24-D908-4E71-9693-B5915AFD799F}.Release|x64.Build.0 = Release|x64
		{22499C24-D908-4E71-9693-B5915AFD799F}.MinSizeRel|x64.ActiveCfg = MinSizeRel|x64
		{22499C24-D908-4E71-9693-B5915AFD799F}.MinSizeRel|x64.Build.0 = MinSizeRel|x64
		{22499C24-D908-4E71-9693-B5915AFD799F}.RelWithDebInfo|x64.ActiveCfg = RelWithDebInfo|x64
		{22499C24-D908-4E71-9693-B5915AFD799F}.RelWithDebInfo|x64.Build.0 = RelWithDebInfo|x64
		{C94FF74C-E605-422F-A856-831851D1CF4D}.Debug|x64.ActiveCfg = Debug|x64
		{C94FF74C-E605-422F-A856-831851D1CF4D}.Debug|x64.Build.0 = Debug|x64
		{C94FF74C-E605-422F-A856-831851D1CF4D}.Release|x64.ActiveCfg = Release|x64
		{C94FF74C-E605-422F-A856-831851D1CF4D}.Release|x64.Build.0 = Release|x64
		{C94FF74C-E605-422F-A856-831851D1CF4D}.MinSizeRel|x64.ActiveCfg = MinSizeRel|x64
		{C94FF74C-E605-422F-A856-831851D1CF4D}.MinSizeRel|x64.Build.0 = MinSizeRel|x64
		{C94FF74C-E605-422F-A856-831851D1CF4D}.RelWithDebInfo|x64.ActiveCfg = RelWithDebInfo|x64
		{C94FF74C-E605-422F-A856-831851D1CF4D}.RelWithDebInfo|x64.Build.0 = RelWithDebInfo|x64
		{54299721-2C27-479F-A9A1-5A9899B6716F}.Debug|x64.ActiveCfg = Debug|x64
		{54299721-2C27-479F-A9A1-5A9899B6716F}.Debug|x64.Build.0 = Debug|x64
		{54299721-2C27-479F-A9A1-5A9899B6716F}.Release|x64.ActiveCfg = Release|x64
		{54299721-2C27-479F-A9A1-5A9899B6716F}.Release|x64.Build.0 = Release|x64
		{54299721-2C27-479F-A9A1-5A9899B6716F}.MinSizeRel|x64.ActiveCfg = MinSizeRel|x64
		{54299721-2C27-479F-A9A1-5A9899B6716F}.MinSizeRel|x64.Build.0 = MinSizeRel|x64
		{54299721-2C27-479F-A9A1-5A9899B6716F}.RelWithDebInfo|x64.ActiveCfg = RelWithDebInfo|x64
		{54299721-2C27-479F-A9A1-5A9899B6716F}.RelWithDebInfo|x64.Build.0 = RelWithDebInfo|x64
		{D5DD7C21-0F74-4097-B4FF-3B750D93BF8C}.Debug|x64.ActiveCfg = Debug|x64
		{D5DD7C21-0F74-4097-B4FF-3B750D93BF8C}.Debug|x64.Build.0 = Debug|x64
		{D5DD7C21-0F74-4097-B4FF-3B750D93BF8C}.Release|x64.ActiveCfg = Release|x64
		{D5DD7C21-0F74-4097-B4FF-3B750D93BF8C}.Release|x64.Build.0 = Release|x64
		{D5DD7C21-0F74-4097-B4FF-3B750D93BF8C}.MinSizeRel|x64.ActiveCfg = MinSizeRel|x64
		{D5DD7C21-0F74-4097-B4FF-3B750D93BF8C}.MinSizeRel|x64.Build.0 = MinSizeRel|x64
		{D5DD7C21-0F74-4097-B4FF-3B750D93BF8C}.RelWithDebInfo|x64.ActiveCfg = RelWithDebInfo|x64
		{D5DD7C21-0F74-4097-B4FF-3B750D93BF8C}.RelWithDebInfo|x64.Build.0 = RelWithDebInfo|x64
		{23034005-FEA9-497F-803A-9018618C5C9E}.Debug|x64.ActiveCfg = Debug|x64
		{23034005-FEA9-497F-803A-9018618C5C9E}.Debug|x64.Build.0 = Debug|x64
		{23034005-FEA9-497F-803A-9018618C5C9E}.Release|x64.ActiveCfg = Release|x64
		{23034005-FEA9-497F-803A-9018618C5C9E}.Release|x64.Build.0 = Release|x64
		{23034005-FEA9-497F-803A-9018618C5C9E}.MinSizeRel|x64.ActiveCfg = MinSizeRel|x64
		{23034005-FEA9-497F-803A-9018618C5C9E}.MinSizeRel|x64.Build.0 = MinSizeRel|x64
		{23034005-FEA9-497F-803A-9018618C5C9E}.RelWithDebInfo|x64.ActiveCfg = RelWithDebInfo|x64
		{23034005-FEA9-497F-803A-9018618C5C9E}.RelWithDebInfo|x64.Build.0 = RelWithDebInfo|x64
		{B89018DD-86C9-4598-A68C-EFEDA302A7E4}.Debug|x64.ActiveCfg = Debug|x64
		{B89018DD-86C9-4598-A68C-EFEDA302A7E4}.Debug|x64.Build.0 = Debug|x64
		{B89018DD-86C9-4598-A68C-EFEDA302A7E4}.Release|x64.ActiveCfg = Release|x64
		{B89018DD-86C9-4598-A68C-EFEDA302A7E4}.Release|x64.Build.0 = Release|x64
		{B89018DD-86C9-4598-A68C-EFEDA302A7E4}.MinSizeRel|x64.ActiveCfg = MinSizeRel|x64
		{B89018DD-86C9-4598-A68C-EFEDA302A7E4}.MinSizeRel|x64.Build.0 = MinSizeRel|x64
		{B89018DD-86C9-4598-A68C-EFEDA302A7E4}.RelWithDebInfo|x64.ActiveCfg = RelWithDebInfo|x64
		{B89018DD-86C9-4598-A68C-EFEDA302A7E4}.RelWithDebInfo|x64.Build.0 = RelWithDebInfo|x64
		{699DA96E-449B-4959-9246-A83E261FE57D}.Debug|x64.ActiveCfg = Debug|x64
		{699DA96E-449B-4959-9246-A83E261FE57D}.Debug|x64.Build.0 = Debug|x64
		{699DA96E-449B-4959-9246-A83E261FE57D}.Release|x64.ActiveCfg = Release|x64
		{699DA96E-449B-4959-9246-A83E261FE57D}.Release|x64.Build.0 = Release|x64
		{699DA96E-449B-4959-9246-A83E261FE57D}.MinSizeRel|x64.ActiveCfg = MinSizeRel|x64
		{699DA96E-449B-4959-9246-A83E261FE57D}.MinSizeRel|x64.Build.0 = MinSizeRel|x64
		{699DA96E-449B-4959-9246-A83E261FE57D}.RelWithDebInfo|x64.ActiveCfg = RelWithDebInfo|x64
		{699DA96E-449B-4959-9246-A83E261FE57D}.RelWithDebInfo|x64.Build.0 = RelWithDebInfo|x64
		{9CFC88B8-EC2D-4081-913A-A0E3E6E1E5D3}.Debug|x64.ActiveCfg = Debug|x64
		{9CFC88B8-EC2D-4081-913A-A0E3E6E1E5D3}.Debug|x64.Build.0 = Debug|x64
		{9CFC88B8-EC2D-4081-913A-A0E3E6E1E5D3}.Release|x64.ActiveCfg = Release|x64
		{9CFC88B8-EC2D-4081-913A-A0E3E6E1E5D3}.Release|x64.Build.0 = Release|x64
		{9CFC88B8-EC2D-4081-913A-A0E3E6E1E5D3}.MinSizeRel|x64.ActiveCfg = MinSizeRel|x64
		{9CFC88B8-EC2D-4081-913A-A0E3E6E1E5D3}.MinSizeRel|x64.Build.0 = MinSizeRel|x64
		{9CFC88B8-EC2D-4081-913A-A0E3E6E1E5D3}.RelWithDebInfo|x64.ActiveCfg = RelWithDebInfo|x64
		{9CFC88B8-EC2D-4081-913A-A0E3E6E1E5D3}.RelWithDebInfo|x64.Build.0 = RelWithDebInfo|x64
		{06BC9852-72BC-44E9-A237-08B0D394A506}.Debug|x64.ActiveCfg = Debug|x64
		{06BC9852-72BC-44E9-A237-08B0D394A506}.Debug|x64.Build.0 = Debug|x64
		{06BC9852-72BC-44E9-A237-08B0D394A506}.Release|x64.ActiveCfg = Release|x64
		{06BC9852-72BC-44E9-A237-08B0D394A506}.Release|x64.Build.0 = Release|x64
		{06BC9852-72BC-44E9-A237-08B0D394A506}.MinSizeRel|x64.ActiveCfg = MinSizeRel|x64
		{06BC9852-72BC-44E9-A237-08B0D394A506}.MinSizeRel|x64.Build.0 = MinSizeRel|x64
		{06BC9852-72BC-44E9-A237-08B0D394A506}.RelWithDebInfo|x64.ActiveCfg = RelWithDebInfo|x64
		{06BC9852-72BC-44E9-A237-08B0D394A506}.RelWithDebInfo|x64.Build.0 = RelWithDebInfo|x64
		{A9A61EB5-7403-490D-B7E5-A78180543A38}.Debug|x64.ActiveCfg = Debug|x64
		{A9A61EB5-7403-490D-B7E5-A78180543A38}.Debug|x64.Build.0 = Debug|x64
		{A9A61EB5-7403-490D-B7E5-A78180543A38}.Release|x64.ActiveCfg = Release|x64
		{A9A61EB5-7403-490D-B7E5-A78180543A38}.Release|x64.Build.0 = Release|x64
		{A9A61EB5-7403-490D-B7E5-A78180543A38}.MinSizeRel|x64.ActiveCfg = MinSizeRel|x64
		{A9A61EB5-7403-490D-B7E5-A78180543A38}.MinSizeRel|x64.Build.0 = MinSizeRel|x64
		{A9A61EB5-7403-490D-B7E5-A78180543A38}.RelWithDebInfo|x64.ActiveCfg = RelWithDebInfo|x64
		{A9A61EB5-7403-490D-B7E5-A78180543A38}.RelWithDebInfo|x64.Build.0 = RelWithDebInfo|x64
		{49DF8573-E05B-44E6-BA56-CC362453D52D}.Debug|x64.ActiveCfg = Debug|x64
		{49DF8573-E05B-44E6-BA56-CC362453D52D}.Debug|x64.Build.0 = Debug|x64
		{49DF8573-E05B-44E6-BA56-CC362453D52D}.Release|x64.ActiveCfg = Release|x64
		{49DF8573-E05B-44E6-BA56-CC362453D52D}.Release|x64.Build.0 = Release|x64
		{49DF8573-E05B-44E6-BA56-CC362453D52D}.MinSizeRel|x64.ActiveCfg = MinSizeRel|x64
		{49DF8573-E05B-44E6-BA56-CC362453D52D}.MinSizeRel|x64.Build.0 = MinSizeRel|x64
		{49DF8573-E05B-44E6-BA56-CC362453D52D}.RelWithDebInfo|x64.ActiveCfg = RelWithDebInfo|x64
		{49DF8573-E05B-44E6-BA56-CC362453D52D}.RelWithDebInfo|x64.Build.0 = RelWithDebInfo|x64
		{6AD3C482-7006-4DB4-B250-D7BF768F872C}.Debug|x64.ActiveCfg = Debug|x64
		{6AD3C482-7006-4DB4-B250-D7BF768F872C}.Debug|x64.Build.0 = Debug|x64
		{6AD3C482-7006-4DB4-B250-D7BF768F872C}.Release|x64.ActiveCfg = Release|x64
		{6AD3C482-7006-4DB4-B250-D7BF768F872C}.Release|x64.Build.0 = Release|x64
		{6AD3C482-7006-4DB4-B250-D7BF768F872C}.MinSizeRel|x64.ActiveCfg = MinSizeRel|x64
		{6AD3C482-7006-4DB4-B250-D7BF768F872C}.MinSizeRel|x64.Build.0 = MinSizeRel|x64
		{6AD3C482-7006-4DB4-B250-D7BF768F872C}.RelWithDebInfo|x64.ActiveCfg = RelWithDebInfo|x64
		{6AD3C482-7006-4DB4-B250-D7BF768F872C}.RelWithDebInfo|x64.Build.0 = RelWithDebInfo|x64
		{715E6277-3FB9-4044-9ADD-16D58086EC0D}.Debug|x64.ActiveCfg = Debug|x64
		{715E6277-3FB9-4044-9ADD-16D58086EC0D}.Debug|x64.Build.0 = Debug|x64
		{715E6277-3FB9-4044-9ADD-16D58086EC0D}.Release|x64.ActiveCfg = Release|x64
		{715E6277-3FB9-4044-9ADD-16D58086EC0D}.Release|x64.Build.0 = Release|x64
		{715E6277-3FB9-4044-9ADD-16D58086EC0D}.MinSizeRel|x64.ActiveCfg = MinSizeRel|x64
		{715E6277-3FB9-4044-9ADD-16D58086EC0D}.MinSizeRel|x64.Build.0 = MinSizeRel|x64
		{715E6277-3FB9-4044-9ADD-16D58086EC0D}.RelWithDebInfo|x64.ActiveCfg = RelWithDebInfo|x64
		{715E6277-3FB9-4044-9ADD-16D58086EC0D}.RelWithDebInfo|x64.Build.0 = RelWithDebInfo|x64
		{99471502-7786-4BAF-82E0-70A7194CB038}.Debug|x64.ActiveCfg = Debug|x64
		{99471502-7786-4BAF-82E0-70A7194CB038}.Debug|x64.Build.0 = Debug|x64
		{99471502-7786-4BAF-82E0-70A7194CB038}.Release|x64.ActiveCfg = Release|x64
		{99471502-7786-4BAF-82E0-70A7194CB038}.Release|x64.Build.0 = Release|x64
		{99471502-7786-4BAF-82E0-70A7194CB038}.MinSizeRel|x64.ActiveCfg = MinSizeRel|x64
		{99471502-7786-4BAF-82E0-70A7194CB038}.MinSizeRel|x64.Build.0 = MinSizeRel|x64
		{99471502-7786-4BAF-82E0-70A7194CB038}.RelWithDebInfo|x64.ActiveCfg = RelWithDebInfo|x64
		{99471502-7786-4BAF-82E0-70A7194CB038}.RelWithDebInfo|x64.Build.0 = RelWithDebInfo|x64
		{73693318-5516-46BF-A622-7D948AF02867}.Debug|x64.ActiveCfg = Debug|x64
		{73693318-5516-46BF-A622-7D948AF02867}.Debug|x64.Build.0 = Debug|x64
		{73693318-5516-46BF-A622-7D948AF02867}.Release|x64.ActiveCfg = Release|x64
		{73693318-5516-46BF-A622-7D948AF02867}.Release|x64.Build.0 = Release|x64
		{73693318-5516-46BF-A622-7D948AF02867}.MinSizeRel|x64.ActiveCfg = MinSizeRel|x64
		{73693318-5516-46BF-A622-7D948AF02867}.MinSizeRel|x64.Build.0 = MinSizeRel|x64
		{73693318-5516-46BF-A622-7D948AF02867}.RelWithDebInfo|x64.ActiveCfg = RelWithDebInfo|x64
		{73693318-5516-46BF-A622-7D948AF02867}.RelWithDebInfo|x64.Build.0 = RelWithDebInfo|x64
		{431C920D-CC65-46C9-97A1-781C52E19826}.Debug|x64.ActiveCfg = Debug|x64
		{431C920D-CC65-46C9-97A1-781C52E19826}.Debug|x64.Build.0 = Debug|x64
		{431C920D-CC65-46C9-97A1-781C52E19826}.Release|x64.ActiveCfg = Release|x64
		{431C920D-CC65-46C9-97A1-781C52E19826}.Release|x64.Build.0 = Release|x64
		{431C920D-CC65-46C9-97A1-781C52E19826}.MinSizeRel|x64.ActiveCfg = MinSizeRel|x64
		{431C920D-CC65-46C9-97A1-781C52E19826}.MinSizeRel|x64.Build.0 = MinSizeRel|x64
		{431C920D-CC65-46C9-97A1-781C52E19826}.RelWithDebInfo|x64.ActiveCfg = RelWithDebInfo|x64
		{431C920D-CC65-46C9-97A1-781C52E19826}.RelWithDebInfo|x64.Build.0 = RelWithDebInfo|x64
		{553D4DD4-360E-4029-B643-73D50AF0E261}.Debug|x64.ActiveCfg = Debug|x64
		{553D4DD4-360E-4029-B643-73D50AF0E261}.Debug|x64.Build.0 = Debug|x64
		{553D4DD4-360E-4029-B643-73D50AF0E261}.Release|x64.ActiveCfg = Release|x64
		{553D4DD4-360E-4029-B643-73D50AF0E261}.Release|x64.Build.0 = Release|x64
		{553D4DD4-360E-4029-B643-73D50AF0E261}.MinSizeRel|x64.ActiveCfg = MinSizeRel|x64
		{553D4DD4-360E-4029-B643-73D50AF0E261}.MinSizeRel|x64.Build.0 = MinSizeRel|x64
		{553D4DD4-360E-4029-B643-73D50AF0E261}.RelWithDebInfo|x64.ActiveCfg = RelWithDebInfo|x64
		{553D4DD4-360E-4029-B643-73D50AF0E261}.RelWithDebInfo|x64.Build.0 = RelWithDebInfo|x64
		{5FB5434B-C0FD-445A-87D7-E7A6B76DBDDB}.Debug|x64.ActiveCfg = Debug|x64
		{5FB5434B-C0FD-445A-87D7-E7A6B76DBDDB}.Debug|x64.Build.0 = Debug|x64
		{5FB5434B-C0FD-445A-87D7-E7A6B76DBDDB}.Release|x64.ActiveCfg = Release|x64
		{5FB5434B-C0FD-445A-87D7-E7A6B76DBDDB}.Release|x64.Build.0 = Release|x64
		{5FB5434B-C0FD-445A-87D7-E7A6B76DBDDB}.MinSizeRel|x64.ActiveCfg = MinSizeRel|x64
		{5FB5434B-C0FD-445A-87D7-E7A6B76DBDDB}.MinSizeRel|x64.Build.0 = MinSizeRel|x64
		{5FB5434B-C0FD-445A-87D7-E7A6B76DBDDB}.RelWithDebInfo|x64.ActiveCfg = RelWithDebInfo|x64
		{5FB5434B-C0FD-445A-87D7-E7A6B76DBDDB}.RelWithDebInfo|x64.Build.0 = RelWithDebInfo|x64
		{54349A30-8C1B-4480-8011-40F59C7BF427}.Debug|x64.ActiveCfg = Debug|x64
		{54349A30-8C1B-4480-8011-40F59C7BF427}.Release|x64.ActiveCfg = Release|x64
		{54349A30-8C1B-4480-8011-40F59C7BF427}.MinSizeRel|x64.ActiveCfg = MinSizeRel|x64
		{54349A30-8C1B-4480-8011-40F59C7BF427}.RelWithDebInfo|x64.ActiveCfg = RelWithDebInfo|x64
	EndGlobalSection
	GlobalSection(ExtensibilityGlobals) = postSolution
	EndGlobalSection
	GlobalSection(ExtensibilityAddIns) = postSolution
	EndGlobalSection
EndGlobal
