<?xml version="1.0" encoding="UTF-8"?>
<Project ToolsVersion="12.0" xmlns="http://schemas.microsoft.com/developer/msbuild/2003">
  <ItemGroup>
    <CustomBuild Include="C:\Users\dkvandyke\Source\Repos\25_CERES\ceres-solver\docs\source\CMakeLists.txt" />
    <CustomBuild Include="C:\Users\dkvandyke\Source\Repos\25_CERES\VS2013__25_CERES_Solver_CUDA_x64\build_cuda\CMakeFiles\c7e93080d0519a76af0bb8306651883d\ceres_docs.rule">
      <Filter>CMake Rules</Filter>
    </CustomBuild>
  </ItemGroup>
  <ItemGroup>
    <None Include="C:\Users\dkvandyke\Source\Repos\25_CERES\VS2013__25_CERES_Solver_CUDA_x64\build_cuda\docs\source\CMakeFiles\ceres_docs" />
  </ItemGroup>
  <ItemGroup>
    <Filter Include="CMake Rules">
      <UniqueIdentifier>{1B628BE9-7CB8-4D1C-8D7B-FA96CC08EE02}</UniqueIdentifier>
    </Filter>
  </ItemGroup>
</Project>
